# This file is @generated by PDM.
# It is not intended for manual editing.

[[package]]
name = "decorator"
version = "4.4.2"
requires_python = ">=2.6, !=3.0.*, !=3.1.*"
summary = "Decorators for Humans"

[[package]]
name = "networkx"
version = "2.5.1"
requires_python = ">=3.6"
summary = "Python package for creating and manipulating graphs and networks"
dependencies = [
    "decorator<5,>=4.3",
]

[[package]]
name = "py4j"
version = "0.10.9.5"
summary = "Enables Python programs to dynamically access arbitrary Java objects"

[[package]]
name = "pyspark"
version = "3.2.3"
requires_python = ">=3.6"
summary = "Apache Spark Python API"
dependencies = [
    "py4j==0.10.9.5",
]

[metadata]
lock_version = "4.1"
content_hash = "sha256:fc3df848c7def9029dac474e649472a4c1ca3c452fd124991898dfd5e24ece7c"

[metadata.files]
"decorator 4.4.2" = [
    {url = "https://files.pythonhosted.org/packages/da/93/84fa12f2dc341f8cf5f022ee09e109961055749df2d0c75c5f98746cfe6c/decorator-4.4.2.tar.gz", hash = "sha256:e3a62f0520172440ca0dcc823749319382e377f37f140a0b99ef45fecb84bfe7"},
    {url = "https://files.pythonhosted.org/packages/ed/1b/72a1821152d07cf1d8b6fce298aeb06a7eb90f4d6d41acec9861e7cc6df0/decorator-4.4.2-py2.py3-none-any.whl", hash = "sha256:41fa54c2a0cc4ba648be4fd43cff00aedf5b9465c9bf18d64325bc225f08f760"},
]
"networkx 2.5.1" = [
    {url = "https://files.pythonhosted.org/packages/b0/21/adfbf6168631e28577e4af9eb9f26d75fe72b2bb1d33762a5f2c425e6c2a/networkx-2.5.1.tar.gz", hash = "sha256:109cd585cac41297f71103c3c42ac6ef7379f29788eb54cb751be5a663bb235a"},
    {url = "https://files.pythonhosted.org/packages/f3/b7/c7f488101c0bb5e4178f3cde416004280fd40262433496830de8a8c21613/networkx-2.5.1-py3-none-any.whl", hash = "sha256:0635858ed7e989f4c574c2328380b452df892ae85084144c73d8cd819f0c4e06"},
]
"py4j 0.10.9.5" = [
    {url = "https://files.pythonhosted.org/packages/86/ec/60880978512d5569ca4bf32b3b4d7776a528ecf4bca4523936c98c92a3c8/py4j-0.10.9.5-py2.py3-none-any.whl", hash = "sha256:52d171a6a2b031d8a5d1de6efe451cf4f5baff1a2819aabc3741c8406539ba04"},
    {url = "https://files.pythonhosted.org/packages/ce/1f/b00295b6da3bd2f050912b9f71fdb436ae8f1601cf161365937d8553e24b/py4j-0.10.9.5.tar.gz", hash = "sha256:276a4a3c5a2154df1860ef3303a927460e02e97b047dc0a47c1c3fb8cce34db6"},
]
"pyspark 3.2.3" = [
    {url = "https://files.pythonhosted.org/packages/de/ed/05d7fd2b3e8de9e590c4c0a15ff0c675001cb64f8ea98ffd5df1f80eaf3e/pyspark-3.2.3.tar.gz", hash = "sha256:eeefb33d8dcdd3ee60a5ed5b0028af06731992b4cc65dc6f06c85841ac8d6945"},
]
